$begin 'ConnectionParameters'
	DesktopProcessID=7120
	DesktopProcessPath='C:\\Program Files\\Ansoft\\HFSS14.0\\Win64\\hfss.exe'
	LaunchedByWB=false
	$begin 'DesktopStubBlock'
		$begin 'CommDetails'
			TransportType=1
			IPAddress='10.248.101.242'
			ListenPort='53760'
		$end 'CommDetails'
		$begin 'Marshall'
			InstanceID=503
			ProcID=7120
			InterfaceID=1
			FactoryIntID='DesktopInterfaceForWBProxyStubFactory'
		$end 'Marshall'
	$end 'DesktopStubBlock'
	$begin 'DesktopBackgroundObjStubBlock'
		$begin 'CommDetails'
			TransportType=1
			IPAddress='10.248.101.242'
			ListenPort='53760'
		$end 'CommDetails'
		$begin 'Marshall'
			InstanceID=505
			ProcID=7120
			InterfaceID=2
			FactoryIntID='DesktopInterfaceForWBProxyStubFactory'
		$end 'Marshall'
	$end 'DesktopBackgroundObjStubBlock'
$end 'ConnectionParameters'
